
Microsoft Visual Studio Solution File, Format Version 12.00
# Visual Studio Version 16
VisualStudioVersion = 16.0.31515.178
MinimumVisualStudioVersion = 10.0.40219.1
Project("{FAE04EC0-301F-11D3-BF4B-00C04F79EFBC}") = "TRMDataManager", "TRMDataManager\TRMDataManager.csproj", "{3A91DD40-AB85-424A-A617-B9EF58389006}"
EndProject
Project("{00D1A9C2-B5F0-4AF3-8072-F6C62B433612}") = "TRMData", "TRMData\TRMData.sqlproj", "{81D7D28A-7ADA-40A2-86BB-E1BA338D8B37}"
EndProject
Project("{FAE04EC0-301F-11D3-BF4B-00C04F79EFBC}") = "TRMDesktopUI", "TRMDesktopUI\TRMDesktopUI.csproj", "{04635A2C-C2BF-479F-958A-B473178D8623}"
EndProject
Project("{FAE04EC0-301F-11D3-BF4B-00C04F79EFBC}") = "TRMDataManager.Library", "TRMDataManager.Library\TRMDataManager.Library.csproj", "{EB2C78CE-9F38-4251-A61A-F9638C77285F}"
EndProject
Global
	GlobalSection(SolutionConfigurationPlatforms) = preSolution
		Debug|Any CPU = Debug|Any CPU
		Release|Any CPU = Release|Any CPU
	EndGlobalSection
	GlobalSection(ProjectConfigurationPlatforms) = postSolution
		{3A91DD40-AB85-424A-A617-B9EF58389006}.Debug|Any CPU.ActiveCfg = Debug|Any CPU
		{3A91DD40-AB85-424A-A617-B9EF58389006}.Debug|Any CPU.Build.0 = Debug|Any CPU
		{3A91DD40-AB85-424A-A617-B9EF58389006}.Release|Any CPU.ActiveCfg = Release|Any CPU
		{3A91DD40-AB85-424A-A617-B9EF58389006}.Release|Any CPU.Build.0 = Release|Any CPU
		{81D7D28A-7ADA-40A2-86BB-E1BA338D8B37}.Debug|Any CPU.ActiveCfg = Debug|Any CPU
		{81D7D28A-7ADA-40A2-86BB-E1BA338D8B37}.Debug|Any CPU.Build.0 = Debug|Any CPU
		{81D7D28A-7ADA-40A2-86BB-E1BA338D8B37}.Debug|Any CPU.Deploy.0 = Debug|Any CPU
		{81D7D28A-7ADA-40A2-86BB-E1BA338D8B37}.Release|Any CPU.ActiveCfg = Release|Any CPU
		{81D7D28A-7ADA-40A2-86BB-E1BA338D8B37}.Release|Any CPU.Build.0 = Release|Any CPU
		{81D7D28A-7ADA-40A2-86BB-E1BA338D8B37}.Release|Any CPU.Deploy.0 = Release|Any CPU
		{04635A2C-C2BF-479F-958A-B473178D8623}.Debug|Any CPU.ActiveCfg = Debug|Any CPU
		{04635A2C-C2BF-479F-958A-B473178D8623}.Debug|Any CPU.Build.0 = Debug|Any CPU
		{04635A2C-C2BF-479F-958A-B473178D8623}.Release|Any CPU.ActiveCfg = Release|Any CPU
		{04635A2C-C2BF-479F-958A-B473178D8623}.Release|Any CPU.Build.0 = Release|Any CPU
		{EB2C78CE-9F38-4251-A61A-F9638C77285F}.Debug|Any CPU.ActiveCfg = Debug|Any CPU
		{EB2C78CE-9F38-4251-A61A-F9638C77285F}.Debug|Any CPU.Build.0 = Debug|Any CPU
		{EB2C78CE-9F38-4251-A61A-F9638C77285F}.Release|Any CPU.ActiveCfg = Release|Any CPU
		{EB2C78CE-9F38-4251-A61A-F9638C77285F}.Release|Any CPU.Build.0 = Release|Any CPU
	EndGlobalSection
	GlobalSection(SolutionProperties) = preSolution
		HideSolutionNode = FALSE
	EndGlobalSection
	GlobalSection(ExtensibilityGlobals) = postSolution
		SolutionGuid = {BB4B31B6-BF5A-4D9F-87F4-76C2A174E13B}
	EndGlobalSection
EndGlobal
